
Microsoft Visual Studio Solution File, Format Version 12.00
# Visual Studio 2012
Project("{FAE04EC0-301F-11D3-BF4B-00C04F79EFBC}") = "Fusion", "Fusion\Fusion.csproj", "{F05EE675-F97D-44C7-ADE5-97369442EE89}"
EndProject
Global
	GlobalSection(SolutionConfigurationPlatforms) = preSolution
		Debug|Any CPU = Debug|Any CPU
		Release|Any CPU = Release|Any CPU
	EndGlobalSection
	GlobalSection(ProjectConfigurationPlatforms) = postSolution
		{F05EE675-F97D-44C7-ADE5-97369442EE89}.Debug|Any CPU.ActiveCfg = Debug|Any CPU
		{F05EE675-F97D-44C7-ADE5-97369442EE89}.Debug|Any CPU.Build.0 = Debug|Any CPU
		{F05EE675-F97D-44C7-ADE5-97369442EE89}.Release|Any CPU.ActiveCfg = Release|Any CPU
		{F05EE675-F97D-44C7-ADE5-97369442EE89}.Release|Any CPU.Build.0 = Release|Any CPU
	EndGlobalSection
	GlobalSection(SolutionProperties) = preSolution
		HideSolutionNode = FALSE
	EndGlobalSection
EndGlobal
